{
    "hash": "ab2b43e054b71f31ed957f92c10cb00e",
    "packages": [
        {
            "name": "instaclick/php-code-sniffer",
            "version": "dev-master",
            "source": {
                "type": "git",
                "url": "https://github.com/instaclick/PHP_CodeSniffer",
                "reference": "4cab7ffbac5df3f495797dbbb6321545f6ab8cde"
            },
            "dist": {
                "type": "zip",
                "url": "https://github.com/instaclick/PHP_CodeSniffer/archive/4cab7ffbac5df3f495797dbbb6321545f6ab8cde.zip",
                "reference": "4cab7ffbac5df3f495797dbbb6321545f6ab8cde",
                "shasum": ""
            },
            "require": {
                "php": ">=5.1.2"
            },
            "time": "2013-01-04 16:10:29",
            "bin": [
                "scripts/phpcs"
            ],
            "type": "library",
            "autoload": {
                "classmap": [
                    "CodeSniffer.php",
                    "CodeSniffer/CLI.php",
                    "CodeSniffer/Exception.php",
                    "CodeSniffer/File.php",
                    "CodeSniffer/MultiFileSniff.php",
                    "CodeSniffer/Reporting.php",
                    "CodeSniffer/Report.php",
                    "CodeSniffer/Sniff.php",
                    "CodeSniffer/Tokens.php",
                    "CodeSniffer/Reports/",
                    "CodeSniffer/CommentParser/",
                    "CodeSniffer/Tokenizers/",
                    "CodeSniffer/DocGenerators/",
                    "CodeSniffer/Standards/AbstractPatternSniff.php",
                    "CodeSniffer/Standards/AbstractScopeSniff.php",
                    "CodeSniffer/Standards/AbstractVariableSniff.php",
                    "CodeSniffer/Standards/IncorrectPatternException.php",
                    "CodeSniffer/Standards/Generic/Sniffs/",
                    "CodeSniffer/Standards/MySource/Sniffs/",
                    "CodeSniffer/Standards/PEAR/Sniffs/",
                    "CodeSniffer/Standards/PSR1/Sniffs/",
                    "CodeSniffer/Standards/PSR2/Sniffs/",
                    "CodeSniffer/Standards/Squiz/Sniffs/",
                    "CodeSniffer/Standards/Zend/Sniffs/"
                ]
            },
            "notification-url": "https://packagist.org/downloads/",
            "license": [
                "BSD-3-Clause"
            ],
            "authors": [
                {
                    "name": "Instaclick",
                    "role": "fork maintainer"
                }
            ],
            "description": "(fork) PHP_CodeSniffer tokenises PHP, JavaScript and CSS files and detects violations of a defined set of coding standards.",
            "homepage": "http://instaclick.com",
            "keywords": [
                "standards",
                "phpcs"
            ]
        }
    ],
    "packages-dev": null,
    "aliases": [

    ],
    "minimum-stability": "stable",
    "stability-flags": {
        "instaclick/php-code-sniffer": 20
    }
}
